
Microsoft Visual Studio Solution File, Format Version 12.00
# Visual Studio Version 16
VisualStudioVersion = 16.0.30011.22
MinimumVisualStudioVersion = 10.0.40219.1
Project("{FAE04EC0-301F-11D3-BF4B-00C04F79EFBC}") = "Lab_12_Cam", "Lab_12_Cam\Lab_12_Cam.csproj", "{409F6246-795F-440A-8C12-735EC0C30DDE}"
EndProject
Global
	GlobalSection(SolutionConfigurationPlatforms) = preSolution
		Debug|Any CPU = Debug|Any CPU
		Release|Any CPU = Release|Any CPU
	EndGlobalSection
	GlobalSection(ProjectConfigurationPlatforms) = postSolution
		{409F6246-795F-440A-8C12-735EC0C30DDE}.Debug|Any CPU.ActiveCfg = Debug|Any CPU
		{409F6246-795F-440A-8C12-735EC0C30DDE}.Debug|Any CPU.Build.0 = Debug|Any CPU
		{409F6246-795F-440A-8C12-735EC0C30DDE}.Release|Any CPU.ActiveCfg = Release|Any CPU
		{409F6246-795F-440A-8C12-735EC0C30DDE}.Release|Any CPU.Build.0 = Release|Any CPU
	EndGlobalSection
	GlobalSection(SolutionProperties) = preSolution
		HideSolutionNode = FALSE
	EndGlobalSection
	GlobalSection(ExtensibilityGlobals) = postSolution
		SolutionGuid = {5F593893-3A75-4DCC-927F-F21002397B8E}
	EndGlobalSection
EndGlobal
